
Microsoft Visual Studio Solution File, Format Version 12.00
# Visual Studio Version 17
VisualStudioVersion = 17.9.34728.123
MinimumVisualStudioVersion = 10.0.40219.1
Project("{9A19103F-16F7-4668-BE54-9A1E7A4F7556}") = "TodoApi", "TodoAi\TodoApi.csproj", "{E9511F91-7A41-4D7B-B746-D246AE6F9B0F}"
EndProject
Global
	GlobalSection(SolutionConfigurationPlatforms) = preSolution
		Debug|Any CPU = Debug|Any CPU
		Release|Any CPU = Release|Any CPU
	EndGlobalSection
	GlobalSection(ProjectConfigurationPlatforms) = postSolution
		{E9511F91-7A41-4D7B-B746-D246AE6F9B0F}.Debug|Any CPU.ActiveCfg = Debug|Any CPU
		{E9511F91-7A41-4D7B-B746-D246AE6F9B0F}.Debug|Any CPU.Build.0 = Debug|Any CPU
		{E9511F91-7A41-4D7B-B746-D246AE6F9B0F}.Release|Any CPU.ActiveCfg = Release|Any CPU
		{E9511F91-7A41-4D7B-B746-D246AE6F9B0F}.Release|Any CPU.Build.0 = Release|Any CPU
	EndGlobalSection
	GlobalSection(SolutionProperties) = preSolution
		HideSolutionNode = FALSE
	EndGlobalSection
	GlobalSection(ExtensibilityGlobals) = postSolution
		SolutionGuid = {F0EEA3AE-A96C-49B3-8BE6-668F64992DE3}
	EndGlobalSection
EndGlobal
